
Microsoft Visual Studio Solution File, Format Version 12.00
# Visual Studio 14
VisualStudioVersion = 14.0.25123.0
MinimumVisualStudioVersion = 10.0.40219.1
Project("{FAE04EC0-301F-11D3-BF4B-00C04F79EFBC}") = "BlokeAndDagger", "BlokeAndDagger\BlokeAndDagger.csproj", "{AA6EA5D1-1AF0-4F17-8241-660BFDD40DF1}"
EndProject
Project("{FAE04EC0-301F-11D3-BF4B-00C04F79EFBC}") = "OoeyGui", "OoeyGui\OoeyGui\OoeyGui.csproj", "{5BD60D1A-1384-426E-80C9-B3C049E1E5BD}"
EndProject
Project("{FAE04EC0-301F-11D3-BF4B-00C04F79EFBC}") = "ExtendedConsole", "OoeyGui\ExtendedConsole\ExtendedConsole\ExtendedConsole.csproj", "{848F2B55-5518-4DBB-B574-2FE4824F15AE}"
EndProject
Project("{FAE04EC0-301F-11D3-BF4B-00C04F79EFBC}") = "SimpleArgv", "SimpleArgv\SimpleArgv\SimpleArgv.csproj", "{C637F4AF-D365-4741-94EA-7AADB434BA4F}"
EndProject
Project("{FAE04EC0-301F-11D3-BF4B-00C04F79EFBC}") = "Rant", "Rant\Rant\Rant.csproj", "{A4B6FD1A-44A6-42D2-B4AA-57BC85D2CDD7}"
EndProject
Global
	GlobalSection(SolutionConfigurationPlatforms) = preSolution
		Berkin-Release|Any CPU = Berkin-Release|Any CPU
		Berkin-Release|x64 = Berkin-Release|x64
		Berkin-Release|x86 = Berkin-Release|x86
		Debug|Any CPU = Debug|Any CPU
		Debug|x64 = Debug|x64
		Debug|x86 = Debug|x86
		Editor|Any CPU = Editor|Any CPU
		Editor|x64 = Editor|x64
		Editor|x86 = Editor|x86
		Release|Any CPU = Release|Any CPU
		Release|x64 = Release|x64
		Release|x86 = Release|x86
		Unity|Any CPU = Unity|Any CPU
		Unity|x64 = Unity|x64
		Unity|x86 = Unity|x86
	EndGlobalSection
	GlobalSection(ProjectConfigurationPlatforms) = postSolution
		{AA6EA5D1-1AF0-4F17-8241-660BFDD40DF1}.Berkin-Release|Any CPU.ActiveCfg = Release|Any CPU
		{AA6EA5D1-1AF0-4F17-8241-660BFDD40DF1}.Berkin-Release|Any CPU.Build.0 = Release|Any CPU
		{AA6EA5D1-1AF0-4F17-8241-660BFDD40DF1}.Berkin-Release|x64.ActiveCfg = Release|Any CPU
		{AA6EA5D1-1AF0-4F17-8241-660BFDD40DF1}.Berkin-Release|x64.Build.0 = Release|Any CPU
		{AA6EA5D1-1AF0-4F17-8241-660BFDD40DF1}.Berkin-Release|x86.ActiveCfg = Release|Any CPU
		{AA6EA5D1-1AF0-4F17-8241-660BFDD40DF1}.Berkin-Release|x86.Build.0 = Release|Any CPU
		{AA6EA5D1-1AF0-4F17-8241-660BFDD40DF1}.Debug|Any CPU.ActiveCfg = Debug|Any CPU
		{AA6EA5D1-1AF0-4F17-8241-660BFDD40DF1}.Debug|Any CPU.Build.0 = Debug|Any CPU
		{AA6EA5D1-1AF0-4F17-8241-660BFDD40DF1}.Debug|x64.ActiveCfg = Debug|Any CPU
		{AA6EA5D1-1AF0-4F17-8241-660BFDD40DF1}.Debug|x64.Build.0 = Debug|Any CPU
		{AA6EA5D1-1AF0-4F17-8241-660BFDD40DF1}.Debug|x86.ActiveCfg = Debug|Any CPU
		{AA6EA5D1-1AF0-4F17-8241-660BFDD40DF1}.Debug|x86.Build.0 = Debug|Any CPU
		{AA6EA5D1-1AF0-4F17-8241-660BFDD40DF1}.Editor|Any CPU.ActiveCfg = Release|Any CPU
		{AA6EA5D1-1AF0-4F17-8241-660BFDD40DF1}.Editor|Any CPU.Build.0 = Release|Any CPU
		{AA6EA5D1-1AF0-4F17-8241-660BFDD40DF1}.Editor|x64.ActiveCfg = Release|Any CPU
		{AA6EA5D1-1AF0-4F17-8241-660BFDD40DF1}.Editor|x64.Build.0 = Release|Any CPU
		{AA6EA5D1-1AF0-4F17-8241-660BFDD40DF1}.Editor|x86.ActiveCfg = Release|Any CPU
		{AA6EA5D1-1AF0-4F17-8241-660BFDD40DF1}.Editor|x86.Build.0 = Release|Any CPU
		{AA6EA5D1-1AF0-4F17-8241-660BFDD40DF1}.Release|Any CPU.ActiveCfg = Release|Any CPU
		{AA6EA5D1-1AF0-4F17-8241-660BFDD40DF1}.Release|Any CPU.Build.0 = Release|Any CPU
		{AA6EA5D1-1AF0-4F17-8241-660BFDD40DF1}.Release|x64.ActiveCfg = Release|Any CPU
		{AA6EA5D1-1AF0-4F17-8241-660BFDD40DF1}.Release|x64.Build.0 = Release|Any CPU
		{AA6EA5D1-1AF0-4F17-8241-660BFDD40DF1}.Release|x86.ActiveCfg = Release|Any CPU
		{AA6EA5D1-1AF0-4F17-8241-660BFDD40DF1}.Release|x86.Build.0 = Release|Any CPU
		{AA6EA5D1-1AF0-4F17-8241-660BFDD40DF1}.Unity|Any CPU.ActiveCfg = Release|Any CPU
		{AA6EA5D1-1AF0-4F17-8241-660BFDD40DF1}.Unity|Any CPU.Build.0 = Release|Any CPU
		{AA6EA5D1-1AF0-4F17-8241-660BFDD40DF1}.Unity|x64.ActiveCfg = Release|Any CPU
		{AA6EA5D1-1AF0-4F17-8241-660BFDD40DF1}.Unity|x64.Build.0 = Release|Any CPU
		{AA6EA5D1-1AF0-4F17-8241-660BFDD40DF1}.Unity|x86.ActiveCfg = Release|Any CPU
		{AA6EA5D1-1AF0-4F17-8241-660BFDD40DF1}.Unity|x86.Build.0 = Release|Any CPU
		{5BD60D1A-1384-426E-80C9-B3C049E1E5BD}.Berkin-Release|Any CPU.ActiveCfg = Release|Any CPU
		{5BD60D1A-1384-426E-80C9-B3C049E1E5BD}.Berkin-Release|Any CPU.Build.0 = Release|Any CPU
		{5BD60D1A-1384-426E-80C9-B3C049E1E5BD}.Berkin-Release|x64.ActiveCfg = Release|Any CPU
		{5BD60D1A-1384-426E-80C9-B3C049E1E5BD}.Berkin-Release|x64.Build.0 = Release|Any CPU
		{5BD60D1A-1384-426E-80C9-B3C049E1E5BD}.Berkin-Release|x86.ActiveCfg = Release|Any CPU
		{5BD60D1A-1384-426E-80C9-B3C049E1E5BD}.Berkin-Release|x86.Build.0 = Release|Any CPU
		{5BD60D1A-1384-426E-80C9-B3C049E1E5BD}.Debug|Any CPU.ActiveCfg = Debug|Any CPU
		{5BD60D1A-1384-426E-80C9-B3C049E1E5BD}.Debug|Any CPU.Build.0 = Debug|Any CPU
		{5BD60D1A-1384-426E-80C9-B3C049E1E5BD}.Debug|x64.ActiveCfg = Debug|Any CPU
		{5BD60D1A-1384-426E-80C9-B3C049E1E5BD}.Debug|x64.Build.0 = Debug|Any CPU
		{5BD60D1A-1384-426E-80C9-B3C049E1E5BD}.Debug|x86.ActiveCfg = Debug|Any CPU
		{5BD60D1A-1384-426E-80C9-B3C049E1E5BD}.Debug|x86.Build.0 = Debug|Any CPU
		{5BD60D1A-1384-426E-80C9-B3C049E1E5BD}.Editor|Any CPU.ActiveCfg = Release|Any CPU
		{5BD60D1A-1384-426E-80C9-B3C049E1E5BD}.Editor|Any CPU.Build.0 = Release|Any CPU
		{5BD60D1A-1384-426E-80C9-B3C049E1E5BD}.Editor|x64.ActiveCfg = Release|Any CPU
		{5BD60D1A-1384-426E-80C9-B3C049E1E5BD}.Editor|x64.Build.0 = Release|Any CPU
		{5BD60D1A-1384-426E-80C9-B3C049E1E5BD}.Editor|x86.ActiveCfg = Release|Any CPU
		{5BD60D1A-1384-426E-80C9-B3C049E1E5BD}.Editor|x86.Build.0 = Release|Any CPU
		{5BD60D1A-1384-426E-80C9-B3C049E1E5BD}.Release|Any CPU.ActiveCfg = Release|Any CPU
		{5BD60D1A-1384-426E-80C9-B3C049E1E5BD}.Release|Any CPU.Build.0 = Release|Any CPU
		{5BD60D1A-1384-426E-80C9-B3C049E1E5BD}.Release|x64.ActiveCfg = Release|Any CPU
		{5BD60D1A-1384-426E-80C9-B3C049E1E5BD}.Release|x64.Build.0 = Release|Any CPU
		{5BD60D1A-1384-426E-80C9-B3C049E1E5BD}.Release|x86.ActiveCfg = Release|Any CPU
		{5BD60D1A-1384-426E-80C9-B3C049E1E5BD}.Release|x86.Build.0 = Release|Any CPU
		{5BD60D1A-1384-426E-80C9-B3C049E1E5BD}.Unity|Any CPU.ActiveCfg = Release|Any CPU
		{5BD60D1A-1384-426E-80C9-B3C049E1E5BD}.Unity|Any CPU.Build.0 = Release|Any CPU
		{5BD60D1A-1384-426E-80C9-B3C049E1E5BD}.Unity|x64.ActiveCfg = Release|Any CPU
		{5BD60D1A-1384-426E-80C9-B3C049E1E5BD}.Unity|x64.Build.0 = Release|Any CPU
		{5BD60D1A-1384-426E-80C9-B3C049E1E5BD}.Unity|x86.ActiveCfg = Release|Any CPU
		{5BD60D1A-1384-426E-80C9-B3C049E1E5BD}.Unity|x86.Build.0 = Release|Any CPU
		{848F2B55-5518-4DBB-B574-2FE4824F15AE}.Berkin-Release|Any CPU.ActiveCfg = Release|Any CPU
		{848F2B55-5518-4DBB-B574-2FE4824F15AE}.Berkin-Release|Any CPU.Build.0 = Release|Any CPU
		{848F2B55-5518-4DBB-B574-2FE4824F15AE}.Berkin-Release|x64.ActiveCfg = Release|Any CPU
		{848F2B55-5518-4DBB-B574-2FE4824F15AE}.Berkin-Release|x64.Build.0 = Release|Any CPU
		{848F2B55-5518-4DBB-B574-2FE4824F15AE}.Berkin-Release|x86.ActiveCfg = Release|Any CPU
		{848F2B55-5518-4DBB-B574-2FE4824F15AE}.Berkin-Release|x86.Build.0 = Release|Any CPU
		{848F2B55-5518-4DBB-B574-2FE4824F15AE}.Debug|Any CPU.ActiveCfg = Debug|Any CPU
		{848F2B55-5518-4DBB-B574-2FE4824F15AE}.Debug|Any CPU.Build.0 = Debug|Any CPU
		{848F2B55-5518-4DBB-B574-2FE4824F15AE}.Debug|x64.ActiveCfg = Debug|Any CPU
		{848F2B55-5518-4DBB-B574-2FE4824F15AE}.Debug|x64.Build.0 = Debug|Any CPU
		{848F2B55-5518-4DBB-B574-2FE4824F15AE}.Debug|x86.ActiveCfg = Debug|Any CPU
		{848F2B55-5518-4DBB-B574-2FE4824F15AE}.Debug|x86.Build.0 = Debug|Any CPU
		{848F2B55-5518-4DBB-B574-2FE4824F15AE}.Editor|Any CPU.ActiveCfg = Release|Any CPU
		{848F2B55-5518-4DBB-B574-2FE4824F15AE}.Editor|Any CPU.Build.0 = Release|Any CPU
		{848F2B55-5518-4DBB-B574-2FE4824F15AE}.Editor|x64.ActiveCfg = Release|Any CPU
		{848F2B55-5518-4DBB-B574-2FE4824F15AE}.Editor|x64.Build.0 = Release|Any CPU
		{848F2B55-5518-4DBB-B574-2FE4824F15AE}.Editor|x86.ActiveCfg = Release|Any CPU
		{848F2B55-5518-4DBB-B574-2FE4824F15AE}.Editor|x86.Build.0 = Release|Any CPU
		{848F2B55-5518-4DBB-B574-2FE4824F15AE}.Release|Any CPU.ActiveCfg = Release|Any CPU
		{848F2B55-5518-4DBB-B574-2FE4824F15AE}.Release|Any CPU.Build.0 = Release|Any CPU
		{848F2B55-5518-4DBB-B574-2FE4824F15AE}.Release|x64.ActiveCfg = Release|Any CPU
		{848F2B55-5518-4DBB-B574-2FE4824F15AE}.Release|x64.Build.0 = Release|Any CPU
		{848F2B55-5518-4DBB-B574-2FE4824F15AE}.Release|x86.ActiveCfg = Release|Any CPU
		{848F2B55-5518-4DBB-B574-2FE4824F15AE}.Release|x86.Build.0 = Release|Any CPU
		{848F2B55-5518-4DBB-B574-2FE4824F15AE}.Unity|Any CPU.ActiveCfg = Release|Any CPU
		{848F2B55-5518-4DBB-B574-2FE4824F15AE}.Unity|Any CPU.Build.0 = Release|Any CPU
		{848F2B55-5518-4DBB-B574-2FE4824F15AE}.Unity|x64.ActiveCfg = Release|Any CPU
		{848F2B55-5518-4DBB-B574-2FE4824F15AE}.Unity|x64.Build.0 = Release|Any CPU
		{848F2B55-5518-4DBB-B574-2FE4824F15AE}.Unity|x86.ActiveCfg = Release|Any CPU
		{848F2B55-5518-4DBB-B574-2FE4824F15AE}.Unity|x86.Build.0 = Release|Any CPU
		{C637F4AF-D365-4741-94EA-7AADB434BA4F}.Berkin-Release|Any CPU.ActiveCfg = Release|Any CPU
		{C637F4AF-D365-4741-94EA-7AADB434BA4F}.Berkin-Release|Any CPU.Build.0 = Release|Any CPU
		{C637F4AF-D365-4741-94EA-7AADB434BA4F}.Berkin-Release|x64.ActiveCfg = Release|Any CPU
		{C637F4AF-D365-4741-94EA-7AADB434BA4F}.Berkin-Release|x64.Build.0 = Release|Any CPU
		{C637F4AF-D365-4741-94EA-7AADB434BA4F}.Berkin-Release|x86.ActiveCfg = Release|Any CPU
		{C637F4AF-D365-4741-94EA-7AADB434BA4F}.Berkin-Release|x86.Build.0 = Release|Any CPU
		{C637F4AF-D365-4741-94EA-7AADB434BA4F}.Debug|Any CPU.ActiveCfg = Debug|Any CPU
		{C637F4AF-D365-4741-94EA-7AADB434BA4F}.Debug|Any CPU.Build.0 = Debug|Any CPU
		{C637F4AF-D365-4741-94EA-7AADB434BA4F}.Debug|x64.ActiveCfg = Debug|Any CPU
		{C637F4AF-D365-4741-94EA-7AADB434BA4F}.Debug|x64.Build.0 = Debug|Any CPU
		{C637F4AF-D365-4741-94EA-7AADB434BA4F}.Debug|x86.ActiveCfg = Debug|Any CPU
		{C637F4AF-D365-4741-94EA-7AADB434BA4F}.Debug|x86.Build.0 = Debug|Any CPU
		{C637F4AF-D365-4741-94EA-7AADB434BA4F}.Editor|Any CPU.ActiveCfg = Release|Any CPU
		{C637F4AF-D365-4741-94EA-7AADB434BA4F}.Editor|Any CPU.Build.0 = Release|Any CPU
		{C637F4AF-D365-4741-94EA-7AADB434BA4F}.Editor|x64.ActiveCfg = Release|Any CPU
		{C637F4AF-D365-4741-94EA-7AADB434BA4F}.Editor|x64.Build.0 = Release|Any CPU
		{C637F4AF-D365-4741-94EA-7AADB434BA4F}.Editor|x86.ActiveCfg = Release|Any CPU
		{C637F4AF-D365-4741-94EA-7AADB434BA4F}.Editor|x86.Build.0 = Release|Any CPU
		{C637F4AF-D365-4741-94EA-7AADB434BA4F}.Release|Any CPU.ActiveCfg = Release|Any CPU
		{C637F4AF-D365-4741-94EA-7AADB434BA4F}.Release|Any CPU.Build.0 = Release|Any CPU
		{C637F4AF-D365-4741-94EA-7AADB434BA4F}.Release|x64.ActiveCfg = Release|Any CPU
		{C637F4AF-D365-4741-94EA-7AADB434BA4F}.Release|x64.Build.0 = Release|Any CPU
		{C637F4AF-D365-4741-94EA-7AADB434BA4F}.Release|x86.ActiveCfg = Release|Any CPU
		{C637F4AF-D365-4741-94EA-7AADB434BA4F}.Release|x86.Build.0 = Release|Any CPU
		{C637F4AF-D365-4741-94EA-7AADB434BA4F}.Unity|Any CPU.ActiveCfg = Release|Any CPU
		{C637F4AF-D365-4741-94EA-7AADB434BA4F}.Unity|Any CPU.Build.0 = Release|Any CPU
		{C637F4AF-D365-4741-94EA-7AADB434BA4F}.Unity|x64.ActiveCfg = Release|Any CPU
		{C637F4AF-D365-4741-94EA-7AADB434BA4F}.Unity|x64.Build.0 = Release|Any CPU
		{C637F4AF-D365-4741-94EA-7AADB434BA4F}.Unity|x86.ActiveCfg = Release|Any CPU
		{C637F4AF-D365-4741-94EA-7AADB434BA4F}.Unity|x86.Build.0 = Release|Any CPU
		{A4B6FD1A-44A6-42D2-B4AA-57BC85D2CDD7}.Berkin-Release|Any CPU.ActiveCfg = Berkin-Release|Any CPU
		{A4B6FD1A-44A6-42D2-B4AA-57BC85D2CDD7}.Berkin-Release|Any CPU.Build.0 = Berkin-Release|Any CPU
		{A4B6FD1A-44A6-42D2-B4AA-57BC85D2CDD7}.Berkin-Release|x64.ActiveCfg = Berkin-Release|x64
		{A4B6FD1A-44A6-42D2-B4AA-57BC85D2CDD7}.Berkin-Release|x64.Build.0 = Berkin-Release|x64
		{A4B6FD1A-44A6-42D2-B4AA-57BC85D2CDD7}.Berkin-Release|x86.ActiveCfg = Berkin-Release|x86
		{A4B6FD1A-44A6-42D2-B4AA-57BC85D2CDD7}.Berkin-Release|x86.Build.0 = Berkin-Release|x86
		{A4B6FD1A-44A6-42D2-B4AA-57BC85D2CDD7}.Debug|Any CPU.ActiveCfg = Debug|Any CPU
		{A4B6FD1A-44A6-42D2-B4AA-57BC85D2CDD7}.Debug|Any CPU.Build.0 = Debug|Any CPU
		{A4B6FD1A-44A6-42D2-B4AA-57BC85D2CDD7}.Debug|x64.ActiveCfg = Debug|x64
		{A4B6FD1A-44A6-42D2-B4AA-57BC85D2CDD7}.Debug|x64.Build.0 = Debug|x64
		{A4B6FD1A-44A6-42D2-B4AA-57BC85D2CDD7}.Debug|x86.ActiveCfg = Debug|x86
		{A4B6FD1A-44A6-42D2-B4AA-57BC85D2CDD7}.Debug|x86.Build.0 = Debug|x86
		{A4B6FD1A-44A6-42D2-B4AA-57BC85D2CDD7}.Editor|Any CPU.ActiveCfg = Editor|Any CPU
		{A4B6FD1A-44A6-42D2-B4AA-57BC85D2CDD7}.Editor|Any CPU.Build.0 = Editor|Any CPU
		{A4B6FD1A-44A6-42D2-B4AA-57BC85D2CDD7}.Editor|x64.ActiveCfg = Editor|x64
		{A4B6FD1A-44A6-42D2-B4AA-57BC85D2CDD7}.Editor|x64.Build.0 = Editor|x64
		{A4B6FD1A-44A6-42D2-B4AA-57BC85D2CDD7}.Editor|x86.ActiveCfg = Editor|x86
		{A4B6FD1A-44A6-42D2-B4AA-57BC85D2CDD7}.Editor|x86.Build.0 = Editor|x86
		{A4B6FD1A-44A6-42D2-B4AA-57BC85D2CDD7}.Release|Any CPU.ActiveCfg = Release|Any CPU
		{A4B6FD1A-44A6-42D2-B4AA-57BC85D2CDD7}.Release|Any CPU.Build.0 = Release|Any CPU
		{A4B6FD1A-44A6-42D2-B4AA-57BC85D2CDD7}.Release|x64.ActiveCfg = Release|x64
		{A4B6FD1A-44A6-42D2-B4AA-57BC85D2CDD7}.Release|x64.Build.0 = Release|x64
		{A4B6FD1A-44A6-42D2-B4AA-57BC85D2CDD7}.Release|x86.ActiveCfg = Release|x86
		{A4B6FD1A-44A6-42D2-B4AA-57BC85D2CDD7}.Release|x86.Build.0 = Release|x86
		{A4B6FD1A-44A6-42D2-B4AA-57BC85D2CDD7}.Unity|Any CPU.ActiveCfg = Unity|Any CPU
		{A4B6FD1A-44A6-42D2-B4AA-57BC85D2CDD7}.Unity|Any CPU.Build.0 = Unity|Any CPU
		{A4B6FD1A-44A6-42D2-B4AA-57BC85D2CDD7}.Unity|x64.ActiveCfg = Unity|x64
		{A4B6FD1A-44A6-42D2-B4AA-57BC85D2CDD7}.Unity|x64.Build.0 = Unity|x64
		{A4B6FD1A-44A6-42D2-B4AA-57BC85D2CDD7}.Unity|x86.ActiveCfg = Unity|x86
		{A4B6FD1A-44A6-42D2-B4AA-57BC85D2CDD7}.Unity|x86.Build.0 = Unity|x86
	EndGlobalSection
	GlobalSection(SolutionProperties) = preSolution
		HideSolutionNode = FALSE
	EndGlobalSection
EndGlobal
